
Microsoft Visual Studio Solution File, Format Version 12.00
# Visual Studio Version 16
VisualStudioVersion = 16.0.32126.315
MinimumVisualStudioVersion = 10.0.40219.1
Project("{FAE04EC0-301F-11D3-BF4B-00C04F79EFBC}") = "lab-1-v", "lab-1-v\lab-1-v.csproj", "{618E9158-8B1E-4CA8-A9D9-05B83C5C94B3}"
EndProject
Global
	GlobalSection(SolutionConfigurationPlatforms) = preSolution
		Debug|Any CPU = Debug|Any CPU
		Release|Any CPU = Release|Any CPU
	EndGlobalSection
	GlobalSection(ProjectConfigurationPlatforms) = postSolution
		{618E9158-8B1E-4CA8-A9D9-05B83C5C94B3}.Debug|Any CPU.ActiveCfg = Debug|Any CPU
		{618E9158-8B1E-4CA8-A9D9-05B83C5C94B3}.Debug|Any CPU.Build.0 = Debug|Any CPU
		{618E9158-8B1E-4CA8-A9D9-05B83C5C94B3}.Release|Any CPU.ActiveCfg = Release|Any CPU
		{618E9158-8B1E-4CA8-A9D9-05B83C5C94B3}.Release|Any CPU.Build.0 = Release|Any CPU
	EndGlobalSection
	GlobalSection(SolutionProperties) = preSolution
		HideSolutionNode = FALSE
	EndGlobalSection
	GlobalSection(ExtensibilityGlobals) = postSolution
		SolutionGuid = {CC463AE4-7310-45D1-A82B-BEE47838ED31}
	EndGlobalSection
EndGlobal
